
Microsoft Visual Studio Solution File, Format Version 12.00
# Visual Studio Version 16
VisualStudioVersion = 16.0.32802.440
MinimumVisualStudioVersion = 10.0.40219.1
Project("{FAE04EC0-301F-11D3-BF4B-00C04F79EFBC}") = "TestEncript", "TestEncript\TestEncript.csproj", "{1D390DF4-9F18-4F76-BC74-80F2487F9C4E}"
EndProject
Global
	GlobalSection(SolutionConfigurationPlatforms) = preSolution
		Debug|Any CPU = Debug|Any CPU
		Release|Any CPU = Release|Any CPU
	EndGlobalSection
	GlobalSection(ProjectConfigurationPlatforms) = postSolution
		{1D390DF4-9F18-4F76-BC74-80F2487F9C4E}.Debug|Any CPU.ActiveCfg = Debug|Any CPU
		{1D390DF4-9F18-4F76-BC74-80F2487F9C4E}.Debug|Any CPU.Build.0 = Debug|Any CPU
		{1D390DF4-9F18-4F76-BC74-80F2487F9C4E}.Release|Any CPU.ActiveCfg = Release|Any CPU
		{1D390DF4-9F18-4F76-BC74-80F2487F9C4E}.Release|Any CPU.Build.0 = Release|Any CPU
	EndGlobalSection
	GlobalSection(SolutionProperties) = preSolution
		HideSolutionNode = FALSE
	EndGlobalSection
	GlobalSection(ExtensibilityGlobals) = postSolution
		SolutionGuid = {B9A647A7-88C6-42EE-8F6A-E7B8557213D1}
	EndGlobalSection
EndGlobal
